
Microsoft Visual Studio Solution File, Format Version 12.00
# Visual Studio Version 16
VisualStudioVersion = 16.0.32929.386
MinimumVisualStudioVersion = 10.0.40219.1
Project("{FAE04EC0-301F-11D3-BF4B-00C04F79EFBC}") = "WindowsFormsApp1", "WindowsFormsApp1.csproj", "{A1B7620D-DED0-4612-88FE-E81CB8E79F22}"
EndProject
Global
	GlobalSection(SolutionConfigurationPlatforms) = preSolution
		Debug|Any CPU = Debug|Any CPU
		Release|Any CPU = Release|Any CPU
	EndGlobalSection
	GlobalSection(ProjectConfigurationPlatforms) = postSolution
		{A1B7620D-DED0-4612-88FE-E81CB8E79F22}.Debug|Any CPU.ActiveCfg = Debug|Any CPU
		{A1B7620D-DED0-4612-88FE-E81CB8E79F22}.Debug|Any CPU.Build.0 = Debug|Any CPU
		{A1B7620D-DED0-4612-88FE-E81CB8E79F22}.Release|Any CPU.ActiveCfg = Release|Any CPU
		{A1B7620D-DED0-4612-88FE-E81CB8E79F22}.Release|Any CPU.Build.0 = Release|Any CPU
	EndGlobalSection
	GlobalSection(SolutionProperties) = preSolution
		HideSolutionNode = FALSE
	EndGlobalSection
	GlobalSection(ExtensibilityGlobals) = postSolution
		SolutionGuid = {ADEED0B4-F457-4764-BC84-65721C1B3717}
	EndGlobalSection
EndGlobal
